{
  "object": {
    "pins": [
      {
        "package": "BigInt",
        "repositoryURL": "https://github.com/attaswift/BigInt.git",
        "state": {
          "branch": null,
          "revision": "557d7e0e15f8693436212594a726af1795488550",
          "version": "3.0.2"
        }
      },
      {
        "package": "Clibsecp256k1",
        "repositoryURL": "https://github.com/darkFunction/Clibsecp256k1",
        "state": {
          "branch": "master",
          "revision": "92367adae99e674515c87df1f64fed9743b7e591",
          "version": null
        }
      },
      {
        "package": "CommonCrypto",
        "repositoryURL": "https://github.com/IBM-Swift/CommonCrypto",
        "state": {
          "branch": null,
          "revision": "9156d238dbc4c15455b77b45e721b2bb0b995e31",
          "version": "1.0.0"
        }
      },
      {
        "package": "SipHash",
        "repositoryURL": "https://github.com/attaswift/SipHash",
        "state": {
          "branch": null,
          "revision": "7b47e3f23a66770b1eb18e15e20546aad398c9dd",
          "version": "1.2.0"
        }
      },
      {
        "package": "SwiftRIPEMD160",
        "repositoryURL": "https://github.com/darkFunction/SwiftRIPEMD160",
        "state": {
          "branch": "master",
          "revision": "63e069b2adf749e00d2dc8abaa7ca13e49118945",
          "version": null
        }
      }
    ]
  },
  "version": 1
}
